
Microsoft Visual Studio Solution File, Format Version 12.00
# Visual Studio Version 16
VisualStudioVersion = 16.0.29911.84
MinimumVisualStudioVersion = 10.0.40219.1
Project("{2150E333-8FDC-42A3-9474-1A3956D46DE8}") = "1.Presentation Layer", "1.Presentation Layer", "{D8FBE3A3-C798-4485-B0F6-016BEB1A6E27}"
EndProject
Project("{2150E333-8FDC-42A3-9474-1A3956D46DE8}") = "0.Domain Layer", "0.Domain Layer", "{4FDFA9EB-F6CD-49B0-9679-61127EF65B3D}"
EndProject
Project("{2150E333-8FDC-42A3-9474-1A3956D46DE8}") = "2.Business Logic Layer", "2.Business Logic Layer", "{6A2DBC7D-B3F6-4537-A23F-3E9E297F31DA}"
EndProject
Project("{2150E333-8FDC-42A3-9474-1A3956D46DE8}") = "3.Data Access Layer", "3.Data Access Layer", "{3FD4FA0A-3F45-468E-8EDB-4AACC7FBCB6C}"
EndProject
Project("{2150E333-8FDC-42A3-9474-1A3956D46DE8}") = "4.Infrastructure Layer", "4.Infrastructure Layer", "{B95A922D-B54C-490D-8DE3-0E976872418A}"
EndProject
Project("{9A19103F-16F7-4668-BE54-9A1E7A4F7556}") = "Catsa.API", "Catsa.API\Catsa.API.csproj", "{277B3E16-A760-4104-B12F-3D99DE592F11}"
EndProject
Project("{9A19103F-16F7-4668-BE54-9A1E7A4F7556}") = "Catsa.Infrastructure", "Catsa.Infrastructure\Catsa.Infrastructure.csproj", "{2E28F1E8-A3C1-4B1F-8661-AA413CA3E67C}"
EndProject
Project("{9A19103F-16F7-4668-BE54-9A1E7A4F7556}") = "Catsa.Domain", "Catsa.Domain\Catsa.Domain.csproj", "{CE2F78C0-3CCF-4652-BF90-E86DBD753047}"
EndProject
Project("{9A19103F-16F7-4668-BE54-9A1E7A4F7556}") = "Catsa.BusinessLogic", "Catsa.BusinessLogic\Catsa.BusinessLogic.csproj", "{3B1CA58D-A613-4C30-8D4E-7FF98788DC77}"
EndProject
Project("{9A19103F-16F7-4668-BE54-9A1E7A4F7556}") = "Catsa.DataAccess", "Catsa.DataAccess\Catsa.DataAccess.csproj", "{48A75913-329C-48AF-A578-4E2046D8CB83}"
EndProject
Global
	GlobalSection(SolutionConfigurationPlatforms) = preSolution
		Debug|Any CPU = Debug|Any CPU
		Release|Any CPU = Release|Any CPU
	EndGlobalSection
	GlobalSection(ProjectConfigurationPlatforms) = postSolution
		{277B3E16-A760-4104-B12F-3D99DE592F11}.Debug|Any CPU.ActiveCfg = Debug|Any CPU
		{277B3E16-A760-4104-B12F-3D99DE592F11}.Debug|Any CPU.Build.0 = Debug|Any CPU
		{277B3E16-A760-4104-B12F-3D99DE592F11}.Release|Any CPU.ActiveCfg = Release|Any CPU
		{277B3E16-A760-4104-B12F-3D99DE592F11}.Release|Any CPU.Build.0 = Release|Any CPU
		{2E28F1E8-A3C1-4B1F-8661-AA413CA3E67C}.Debug|Any CPU.ActiveCfg = Debug|Any CPU
		{2E28F1E8-A3C1-4B1F-8661-AA413CA3E67C}.Debug|Any CPU.Build.0 = Debug|Any CPU
		{2E28F1E8-A3C1-4B1F-8661-AA413CA3E67C}.Release|Any CPU.ActiveCfg = Release|Any CPU
		{2E28F1E8-A3C1-4B1F-8661-AA413CA3E67C}.Release|Any CPU.Build.0 = Release|Any CPU
		{CE2F78C0-3CCF-4652-BF90-E86DBD753047}.Debug|Any CPU.ActiveCfg = Debug|Any CPU
		{CE2F78C0-3CCF-4652-BF90-E86DBD753047}.Debug|Any CPU.Build.0 = Debug|Any CPU
		{CE2F78C0-3CCF-4652-BF90-E86DBD753047}.Release|Any CPU.ActiveCfg = Release|Any CPU
		{CE2F78C0-3CCF-4652-BF90-E86DBD753047}.Release|Any CPU.Build.0 = Release|Any CPU
		{3B1CA58D-A613-4C30-8D4E-7FF98788DC77}.Debug|Any CPU.ActiveCfg = Debug|Any CPU
		{3B1CA58D-A613-4C30-8D4E-7FF98788DC77}.Debug|Any CPU.Build.0 = Debug|Any CPU
		{3B1CA58D-A613-4C30-8D4E-7FF98788DC77}.Release|Any CPU.ActiveCfg = Release|Any CPU
		{3B1CA58D-A613-4C30-8D4E-7FF98788DC77}.Release|Any CPU.Build.0 = Release|Any CPU
		{48A75913-329C-48AF-A578-4E2046D8CB83}.Debug|Any CPU.ActiveCfg = Debug|Any CPU
		{48A75913-329C-48AF-A578-4E2046D8CB83}.Debug|Any CPU.Build.0 = Debug|Any CPU
		{48A75913-329C-48AF-A578-4E2046D8CB83}.Release|Any CPU.ActiveCfg = Release|Any CPU
		{48A75913-329C-48AF-A578-4E2046D8CB83}.Release|Any CPU.Build.0 = Release|Any CPU
	EndGlobalSection
	GlobalSection(SolutionProperties) = preSolution
		HideSolutionNode = FALSE
	EndGlobalSection
	GlobalSection(NestedProjects) = preSolution
		{277B3E16-A760-4104-B12F-3D99DE592F11} = {D8FBE3A3-C798-4485-B0F6-016BEB1A6E27}
		{2E28F1E8-A3C1-4B1F-8661-AA413CA3E67C} = {B95A922D-B54C-490D-8DE3-0E976872418A}
		{CE2F78C0-3CCF-4652-BF90-E86DBD753047} = {4FDFA9EB-F6CD-49B0-9679-61127EF65B3D}
		{3B1CA58D-A613-4C30-8D4E-7FF98788DC77} = {6A2DBC7D-B3F6-4537-A23F-3E9E297F31DA}
		{48A75913-329C-48AF-A578-4E2046D8CB83} = {3FD4FA0A-3F45-468E-8EDB-4AACC7FBCB6C}
	EndGlobalSection
	GlobalSection(ExtensibilityGlobals) = postSolution
		SolutionGuid = {D26028F2-2AF2-4296-8ED8-CDAF31B54AFB}
	EndGlobalSection
EndGlobal
